RyukyuInteractive/inta:
  - .claude/rules/md.md
  - .claude/rules/ts.md
  - .claude/skills/docs/SKILL.md
  - .claude/skills/docs/references/api-schema.md
  - .claude/skills/docs/references/architecture.md
  - .claude/skills/docs/references/backlogs.md
  - .claude/skills/docs/references/capabilities.md
  - .claude/skills/docs/references/components.md
  - .claude/skills/docs/references/decisions.md
  - .claude/skills/docs/references/domain.md
  - .claude/skills/docs/references/features.md
  - .claude/skills/docs/references/glossary.md
  - .claude/skills/docs/references/human-claude-zone.md
  - .claude/skills/docs/references/index.md
  - .claude/skills/docs/references/integrations.md
  - .claude/skills/docs/references/manual.md
  - .claude/skills/docs/references/milestones.md
  - .claude/skills/docs/references/roles-and-permissions.md
  - .claude/skills/docs/references/signals.md
  - .claude/skills/docs/references/sitemap.md
  - .claude/skills/docs/references/sources.md
  - .claude/skills/docs/references/stories.md
  - .claude/skills/docs/references/validation.md
  - .claude/skills/docs/references/value.md
  - .claude/skills/docs/references/writing-rules.md
  - .claude/skills/gh-issue-template/SKILL.md
  - .claude/skills/software-design/README.md
  - .claude/skills/software-design/SKILL.md
  - .claude/skills/software-design/references/architecture.md
  - .claude/skills/software-design/references/error-handling.md
  - .claude/skills/software-design/references/fluent-api.md
  - .claude/skills/software-design/references/fsm.md
  - .claude/skills/software-design/references/phantom-type.md
  - .claude/skills/software-design/references/react.md
  - .claude/skills/software-design/references/reducer.md
  - .claude/skills/software-design/references/service-layer.md
  - .claude/skills/software-design/references/ux-five-planes.md
  - .claude/skills/software-design/references/value-object.md
  - .claude/skills/triage/SKILL.md
  - .claude/skills/triage/references/screenshot-upload.md
  - .github/ISSUE_TEMPLATE.md
  - .github/PULL_REQUEST_TEMPLATE.md
RyukyuInteractive/inta#open-libraries:
  - .claude/rules/md.md
  - .claude/rules/ts.md
  - .claude/skills/docs/SKILL.md
  - .claude/skills/docs/references/api-schema.md
  - .claude/skills/docs/references/architecture.md
  - .claude/skills/docs/references/backlogs.md
  - .claude/skills/docs/references/capabilities.md
  - .claude/skills/docs/references/components.md
  - .claude/skills/docs/references/decisions.md
  - .claude/skills/docs/references/domain.md
  - .claude/skills/docs/references/features.md
  - .claude/skills/docs/references/glossary.md
  - .claude/skills/docs/references/human-claude-zone.md
  - .claude/skills/docs/references/index.md
  - .claude/skills/docs/references/integrations.md
  - .claude/skills/docs/references/manual.md
  - .claude/skills/docs/references/milestones.md
  - .claude/skills/docs/references/page-capabilities.md
  - .claude/skills/docs/references/pages.md
  - .claude/skills/docs/references/roles-and-permissions.md
  - .claude/skills/docs/references/signals.md
  - .claude/skills/docs/references/sitemap.md
  - .claude/skills/docs/references/sources.md
  - .claude/skills/docs/references/stories.md
  - .claude/skills/docs/references/validation.md
  - .claude/skills/docs/references/value.md
  - .claude/skills/docs/references/writing-rules.md
  - .claude/skills/gh-issue-template/SKILL.md
  - .claude/skills/software-design/README.md
  - .claude/skills/software-design/SKILL.md
  - .claude/skills/software-design/references/architecture.md
  - .claude/skills/software-design/references/error-handling.md
  - .claude/skills/software-design/references/fluent-api.md
  - .claude/skills/software-design/references/fsm.md
  - .claude/skills/software-design/references/phantom-type.md
  - .claude/skills/software-design/references/react.md
  - .claude/skills/software-design/references/reducer.md
  - .claude/skills/software-design/references/service-layer.md
  - .claude/skills/software-design/references/ux-five-planes.md
  - .claude/skills/software-design/references/value-object.md
  - .claude/skills/triage/SKILL.md
  - .claude/skills/triage/references/screenshot-upload.md
  - .github/ISSUE_TEMPLATE.md
  - .github/PULL_REQUEST_TEMPLATE.md
